
Microsoft Visual Studio Solution File, Format Version 12.00
# Visual Studio Version 17
VisualStudioVersion = 17.1.32421.90
MinimumVisualStudioVersion = 10.0.40219.1
Project("{FAE04EC0-301F-11D3-BF4B-00C04F79EFBC}") = "AppGallery.UWP", "AppGallery\AppGallery.UWP\AppGallery.UWP.csproj", "{623269D3-1004-40DE-A961-7416D6BD7F73}"
EndProject
Project("{FAE04EC0-301F-11D3-BF4B-00C04F79EFBC}") = "AppGallery.Android", "AppGallery\AppGallery.Android\AppGallery.Android.csproj", "{A099A524-DBDA-4BBC-86F8-173BD4A490CA}"
EndProject
Project("{FAE04EC0-301F-11D3-BF4B-00C04F79EFBC}") = "AppGallery.iOS", "AppGallery\AppGallery.iOS\AppGallery.iOS.csproj", "{F613314D-2377-404D-BE5D-72B3717C80FA}"
EndProject
Project("{FAE04EC0-301F-11D3-BF4B-00C04F79EFBC}") = "AppGallery", "AppGallery\AppGallery\AppGallery.csproj", "{36182C52-AB59-405B-9F97-637E21B616FA}"
EndProject
Global
	GlobalSection(SolutionConfigurationPlatforms) = preSolution
		Debug|Any CPU = Debug|Any CPU
		Debug|ARM = Debug|ARM
		Debug|iPhone = Debug|iPhone
		Debug|iPhoneSimulator = Debug|iPhoneSimulator
		Debug|x64 = Debug|x64
		Debug|x86 = Debug|x86
		Release|Any CPU = Release|Any CPU
		Release|ARM = Release|ARM
		Release|iPhone = Release|iPhone
		Release|iPhoneSimulator = Release|iPhoneSimulator
		Release|x64 = Release|x64
		Release|x86 = Release|x86
	EndGlobalSection
	GlobalSection(ProjectConfigurationPlatforms) = postSolution
		{623269D3-1004-40DE-A961-7416D6BD7F73}.Debug|Any CPU.ActiveCfg = Debug|x64
		{623269D3-1004-40DE-A961-7416D6BD7F73}.Debug|Any CPU.Build.0 = Debug|x64
		{623269D3-1004-40DE-A961-7416D6BD7F73}.Debug|Any CPU.Deploy.0 = Debug|x64
		{623269D3-1004-40DE-A961-7416D6BD7F73}.Debug|ARM.ActiveCfg = Debug|ARM
		{623269D3-1004-40DE-A961-7416D6BD7F73}.Debug|ARM.Build.0 = Debug|ARM
		{623269D3-1004-40DE-A961-7416D6BD7F73}.Debug|ARM.Deploy.0 = Debug|ARM
		{623269D3-1004-40DE-A961-7416D6BD7F73}.Debug|iPhone.ActiveCfg = Debug|x64
		{623269D3-1004-40DE-A961-7416D6BD7F73}.Debug|iPhone.Build.0 = Debug|x64
		{623269D3-1004-40DE-A961-7416D6BD7F73}.Debug|iPhone.Deploy.0 = Debug|x64
		{623269D3-1004-40DE-A961-7416D6BD7F73}.Debug|iPhoneSimulator.ActiveCfg = Debug|x64
		{623269D3-1004-40DE-A961-7416D6BD7F73}.Debug|iPhoneSimulator.Build.0 = Debug|x64
		{623269D3-1004-40DE-A961-7416D6BD7F73}.Debug|iPhoneSimulator.Deploy.0 = Debug|x64
		{623269D3-1004-40DE-A961-7416D6BD7F73}.Debug|x64.ActiveCfg = Debug|x64
		{623269D3-1004-40DE-A961-7416D6BD7F73}.Debug|x64.Build.0 = Debug|x64
		{623269D3-1004-40DE-A961-7416D6BD7F73}.Debug|x64.Deploy.0 = Debug|x64
		{623269D3-1004-40DE-A961-7416D6BD7F73}.Debug|x86.ActiveCfg = Debug|x86
		{623269D3-1004-40DE-A961-7416D6BD7F73}.Debug|x86.Build.0 = Debug|x86
		{623269D3-1004-40DE-A961-7416D6BD7F73}.Debug|x86.Deploy.0 = Debug|x86
		{623269D3-1004-40DE-A961-7416D6BD7F73}.Release|Any CPU.ActiveCfg = Release|x64
		{623269D3-1004-40DE-A961-7416D6BD7F73}.Release|Any CPU.Build.0 = Release|x64
		{623269D3-1004-40DE-A961-7416D6BD7F73}.Release|Any CPU.Deploy.0 = Release|x64
		{623269D3-1004-40DE-A961-7416D6BD7F73}.Release|ARM.ActiveCfg = Release|ARM
		{623269D3-1004-40DE-A961-7416D6BD7F73}.Release|ARM.Build.0 = Release|ARM
		{623269D3-1004-40DE-A961-7416D6BD7F73}.Release|ARM.Deploy.0 = Release|ARM
		{623269D3-1004-40DE-A961-7416D6BD7F73}.Release|iPhone.ActiveCfg = Release|x64
		{623269D3-1004-40DE-A961-7416D6BD7F73}.Release|iPhone.Build.0 = Release|x64
		{623269D3-1004-40DE-A961-7416D6BD7F73}.Release|iPhone.Deploy.0 = Release|x64
		{623269D3-1004-40DE-A961-7416D6BD7F73}.Release|iPhoneSimulator.ActiveCfg = Release|x64
		{623269D3-1004-40DE-A961-7416D6BD7F73}.Release|iPhoneSimulator.Build.0 = Release|x64
		{623269D3-1004-40DE-A961-7416D6BD7F73}.Release|iPhoneSimulator.Deploy.0 = Release|x64
		{623269D3-1004-40DE-A961-7416D6BD7F73}.Release|x64.ActiveCfg = Release|x64
		{623269D3-1004-40DE-A961-7416D6BD7F73}.Release|x64.Build.0 = Release|x64
		{623269D3-1004-40DE-A961-7416D6BD7F73}.Release|x64.Deploy.0 = Release|x64
		{623269D3-1004-40DE-A961-7416D6BD7F73}.Release|x86.ActiveCfg = Release|x86
		{623269D3-1004-40DE-A961-7416D6BD7F73}.Release|x86.Build.0 = Release|x86
		{623269D3-1004-40DE-A961-7416D6BD7F73}.Release|x86.Deploy.0 = Release|x86
		{A099A524-DBDA-4BBC-86F8-173BD4A490CA}.Debug|Any CPU.ActiveCfg = Debug|Any CPU
		{A099A524-DBDA-4BBC-86F8-173BD4A490CA}.Debug|Any CPU.Build.0 = Debug|Any CPU
		{A099A524-DBDA-4BBC-86F8-173BD4A490CA}.Debug|Any CPU.Deploy.0 = Debug|Any CPU
		{A099A524-DBDA-4BBC-86F8-173BD4A490CA}.Debug|ARM.ActiveCfg = Debug|Any CPU
		{A099A524-DBDA-4BBC-86F8-173BD4A490CA}.Debug|ARM.Build.0 = Debug|Any CPU
		{A099A524-DBDA-4BBC-86F8-173BD4A490CA}.Debug|ARM.Deploy.0 = Debug|Any CPU
		{A099A524-DBDA-4BBC-86F8-173BD4A490CA}.Debug|iPhone.ActiveCfg = Debug|Any CPU
		{A099A524-DBDA-4BBC-86F8-173BD4A490CA}.Debug|iPhone.Build.0 = Debug|Any CPU
		{A099A524-DBDA-4BBC-86F8-173BD4A490CA}.Debug|iPhone.Deploy.0 = Debug|Any CPU
		{A099A524-DBDA-4BBC-86F8-173BD4A490CA}.Debug|iPhoneSimulator.ActiveCfg = Debug|Any CPU
		{A099A524-DBDA-4BBC-86F8-173BD4A490CA}.Debug|iPhoneSimulator.Build.0 = Debug|Any CPU
		{A099A524-DBDA-4BBC-86F8-173BD4A490CA}.Debug|iPhoneSimulator.Deploy.0 = Debug|Any CPU
		{A099A524-DBDA-4BBC-86F8-173BD4A490CA}.Debug|x64.ActiveCfg = Debug|Any CPU
		{A099A524-DBDA-4BBC-86F8-173BD4A490CA}.Debug|x64.Build.0 = Debug|Any CPU
		{A099A524-DBDA-4BBC-86F8-173BD4A490CA}.Debug|x64.Deploy.0 = Debug|Any CPU
		{A099A524-DBDA-4BBC-86F8-173BD4A490CA}.Debug|x86.ActiveCfg = Debug|Any CPU
		{A099A524-DBDA-4BBC-86F8-173BD4A490CA}.Debug|x86.Build.0 = Debug|Any CPU
		{A099A524-DBDA-4BBC-86F8-173BD4A490CA}.Debug|x86.Deploy.0 = Debug|Any CPU
		{A099A524-DBDA-4BBC-86F8-173BD4A490CA}.Release|Any CPU.ActiveCfg = Release|Any CPU
		{A099A524-DBDA-4BBC-86F8-173BD4A490CA}.Release|Any CPU.Build.0 = Release|Any CPU
		{A099A524-DBDA-4BBC-86F8-173BD4A490CA}.Release|Any CPU.Deploy.0 = Release|Any CPU
		{A099A524-DBDA-4BBC-86F8-173BD4A490CA}.Release|ARM.ActiveCfg = Release|Any CPU
		{A099A524-DBDA-4BBC-86F8-173BD4A490CA}.Release|ARM.Build.0 = Release|Any CPU
		{A099A524-DBDA-4BBC-86F8-173BD4A490CA}.Release|ARM.Deploy.0 = Release|Any CPU
		{A099A524-DBDA-4BBC-86F8-173BD4A490CA}.Release|iPhone.ActiveCfg = Release|Any CPU
		{A099A524-DBDA-4BBC-86F8-173BD4A490CA}.Release|iPhone.Build.0 = Release|Any CPU
		{A099A524-DBDA-4BBC-86F8-173BD4A490CA}.Release|iPhone.Deploy.0 = Release|Any CPU
		{A099A524-DBDA-4BBC-86F8-173BD4A490CA}.Release|iPhoneSimulator.ActiveCfg = Release|Any CPU
		{A099A524-DBDA-4BBC-86F8-173BD4A490CA}.Release|iPhoneSimulator.Build.0 = Release|Any CPU
		{A099A524-DBDA-4BBC-86F8-173BD4A490CA}.Release|iPhoneSimulator.Deploy.0 = Release|Any CPU
		{A099A524-DBDA-4BBC-86F8-173BD4A490CA}.Release|x64.ActiveCfg = Release|Any CPU
		{A099A524-DBDA-4BBC-86F8-173BD4A490CA}.Release|x64.Build.0 = Release|Any CPU
		{A099A524-DBDA-4BBC-86F8-173BD4A490CA}.Release|x64.Deploy.0 = Release|Any CPU
		{A099A524-DBDA-4BBC-86F8-173BD4A490CA}.Release|x86.ActiveCfg = Release|Any CPU
		{A099A524-DBDA-4BBC-86F8-173BD4A490CA}.Release|x86.Build.0 = Release|Any CPU
		{A099A524-DBDA-4BBC-86F8-173BD4A490CA}.Release|x86.Deploy.0 = Release|Any CPU
		{F613314D-2377-404D-BE5D-72B3717C80FA}.Debug|Any CPU.ActiveCfg = Debug|iPhoneSimulator
		{F613314D-2377-404D-BE5D-72B3717C80FA}.Debug|Any CPU.Build.0 = Debug|iPhoneSimulator
		{F613314D-2377-404D-BE5D-72B3717C80FA}.Debug|Any CPU.Deploy.0 = Debug|iPhoneSimulator
		{F613314D-2377-404D-BE5D-72B3717C80FA}.Debug|ARM.ActiveCfg = Debug|iPhoneSimulator
		{F613314D-2377-404D-BE5D-72B3717C80FA}.Debug|ARM.Build.0 = Debug|iPhoneSimulator
		{F613314D-2377-404D-BE5D-72B3717C80FA}.Debug|ARM.Deploy.0 = Debug|iPhoneSimulator
		{F613314D-2377-404D-BE5D-72B3717C80FA}.Debug|iPhone.ActiveCfg = Debug|iPhone
		{F613314D-2377-404D-BE5D-72B3717C80FA}.Debug|iPhone.Build.0 = Debug|iPhone
		{F613314D-2377-404D-BE5D-72B3717C80FA}.Debug|iPhone.Deploy.0 = Debug|iPhone
		{F613314D-2377-404D-BE5D-72B3717C80FA}.Debug|iPhoneSimulator.ActiveCfg = Debug|iPhoneSimulator
		{F613314D-2377-404D-BE5D-72B3717C80FA}.Debug|iPhoneSimulator.Build.0 = Debug|iPhoneSimulator
		{F613314D-2377-404D-BE5D-72B3717C80FA}.Debug|iPhoneSimulator.Deploy.0 = Debug|iPhoneSimulator
		{F613314D-2377-404D-BE5D-72B3717C80FA}.Debug|x64.ActiveCfg = Debug|iPhone
		{F613314D-2377-404D-BE5D-72B3717C80FA}.Debug|x64.Build.0 = Debug|iPhone
		{F613314D-2377-404D-BE5D-72B3717C80FA}.Debug|x64.Deploy.0 = Debug|iPhone
		{F613314D-2377-404D-BE5D-72B3717C80FA}.Debug|x86.ActiveCfg = Debug|iPhoneSimulator
		{F613314D-2377-404D-BE5D-72B3717C80FA}.Debug|x86.Build.0 = Debug|iPhoneSimulator
		{F613314D-2377-404D-BE5D-72B3717C80FA}.Debug|x86.Deploy.0 = Debug|iPhoneSimulator
		{F613314D-2377-404D-BE5D-72B3717C80FA}.Release|Any CPU.ActiveCfg = Release|iPhoneSimulator
		{F613314D-2377-404D-BE5D-72B3717C80FA}.Release|Any CPU.Build.0 = Release|iPhoneSimulator
		{F613314D-2377-404D-BE5D-72B3717C80FA}.Release|Any CPU.Deploy.0 = Release|iPhoneSimulator
		{F613314D-2377-404D-BE5D-72B3717C80FA}.Release|ARM.ActiveCfg = Release|iPhoneSimulator
		{F613314D-2377-404D-BE5D-72B3717C80FA}.Release|ARM.Build.0 = Release|iPhoneSimulator
		{F613314D-2377-404D-BE5D-72B3717C80FA}.Release|ARM.Deploy.0 = Release|iPhoneSimulator
		{F613314D-2377-404D-BE5D-72B3717C80FA}.Release|iPhone.ActiveCfg = Release|iPhone
		{F613314D-2377-404D-BE5D-72B3717C80FA}.Release|iPhone.Build.0 = Release|iPhone
		{F613314D-2377-404D-BE5D-72B3717C80FA}.Release|iPhone.Deploy.0 = Release|iPhone
		{F613314D-2377-404D-BE5D-72B3717C80FA}.Release|iPhoneSimulator.ActiveCfg = Release|iPhoneSimulator
		{F613314D-2377-404D-BE5D-72B3717C80FA}.Release|iPhoneSimulator.Build.0 = Release|iPhoneSimulator
		{F613314D-2377-404D-BE5D-72B3717C80FA}.Release|iPhoneSimulator.Deploy.0 = Release|iPhoneSimulator
		{F613314D-2377-404D-BE5D-72B3717C80FA}.Release|x64.ActiveCfg = Release|iPhoneSimulator
		{F613314D-2377-404D-BE5D-72B3717C80FA}.Release|x64.Build.0 = Release|iPhoneSimulator
		{F613314D-2377-404D-BE5D-72B3717C80FA}.Release|x64.Deploy.0 = Release|iPhoneSimulator
		{F613314D-2377-404D-BE5D-72B3717C80FA}.Release|x86.ActiveCfg = Release|iPhoneSimulator
		{F613314D-2377-404D-BE5D-72B3717C80FA}.Release|x86.Build.0 = Release|iPhoneSimulator
		{F613314D-2377-404D-BE5D-72B3717C80FA}.Release|x86.Deploy.0 = Release|iPhoneSimulator
		{36182C52-AB59-405B-9F97-637E21B616FA}.Debug|Any CPU.ActiveCfg = Debug|Any CPU
		{36182C52-AB59-405B-9F97-637E21B616FA}.Debug|Any CPU.Build.0 = Debug|Any CPU
		{36182C52-AB59-405B-9F97-637E21B616FA}.Debug|Any CPU.Deploy.0 = Debug|Any CPU
		{36182C52-AB59-405B-9F97-637E21B616FA}.Debug|ARM.ActiveCfg = Debug|Any CPU
		{36182C52-AB59-405B-9F97-637E21B616FA}.Debug|ARM.Build.0 = Debug|Any CPU
		{36182C52-AB59-405B-9F97-637E21B616FA}.Debug|ARM.Deploy.0 = Debug|Any CPU
		{36182C52-AB59-405B-9F97-637E21B616FA}.Debug|iPhone.ActiveCfg = Debug|Any CPU
		{36182C52-AB59-405B-9F97-637E21B616FA}.Debug|iPhone.Build.0 = Debug|Any CPU
		{36182C52-AB59-405B-9F97-637E21B616FA}.Debug|iPhone.Deploy.0 = Debug|Any CPU
		{36182C52-AB59-405B-9F97-637E21B616FA}.Debug|iPhoneSimulator.ActiveCfg = Debug|Any CPU
		{36182C52-AB59-405B-9F97-637E21B616FA}.Debug|iPhoneSimulator.Build.0 = Debug|Any CPU
		{36182C52-AB59-405B-9F97-637E21B616FA}.Debug|iPhoneSimulator.Deploy.0 = Debug|Any CPU
		{36182C52-AB59-405B-9F97-637E21B616FA}.Debug|x64.ActiveCfg = Debug|Any CPU
		{36182C52-AB59-405B-9F97-637E21B616FA}.Debug|x64.Build.0 = Debug|Any CPU
		{36182C52-AB59-405B-9F97-637E21B616FA}.Debug|x64.Deploy.0 = Debug|Any CPU
		{36182C52-AB59-405B-9F97-637E21B616FA}.Debug|x86.ActiveCfg = Debug|Any CPU
		{36182C52-AB59-405B-9F97-637E21B616FA}.Debug|x86.Build.0 = Debug|Any CPU
		{36182C52-AB59-405B-9F97-637E21B616FA}.Debug|x86.Deploy.0 = Debug|Any CPU
		{36182C52-AB59-405B-9F97-637E21B616FA}.Release|Any CPU.ActiveCfg = Release|Any CPU
		{36182C52-AB59-405B-9F97-637E21B616FA}.Release|Any CPU.Build.0 = Release|Any CPU
		{36182C52-AB59-405B-9F97-637E21B616FA}.Release|Any CPU.Deploy.0 = Release|Any CPU
		{36182C52-AB59-405B-9F97-637E21B616FA}.Release|ARM.ActiveCfg = Release|Any CPU
		{36182C52-AB59-405B-9F97-637E21B616FA}.Release|ARM.Build.0 = Release|Any CPU
		{36182C52-AB59-405B-9F97-637E21B616FA}.Release|ARM.Deploy.0 = Release|Any CPU
		{36182C52-AB59-405B-9F97-637E21B616FA}.Release|iPhone.ActiveCfg = Release|Any CPU
		{36182C52-AB59-405B-9F97-637E21B616FA}.Release|iPhone.Build.0 = Release|Any CPU
		{36182C52-AB59-405B-9F97-637E21B616FA}.Release|iPhone.Deploy.0 = Release|Any CPU
		{36182C52-AB59-405B-9F97-637E21B616FA}.Release|iPhoneSimulator.ActiveCfg = Release|Any CPU
		{36182C52-AB59-405B-9F97-637E21B616FA}.Release|iPhoneSimulator.Build.0 = Release|Any CPU
		{36182C52-AB59-405B-9F97-637E21B616FA}.Release|iPhoneSimulator.Deploy.0 = Release|Any CPU
		{36182C52-AB59-405B-9F97-637E21B616FA}.Release|x64.ActiveCfg = Release|Any CPU
		{36182C52-AB59-405B-9F97-637E21B616FA}.Release|x64.Build.0 = Release|Any CPU
		{36182C52-AB59-405B-9F97-637E21B616FA}.Release|x64.Deploy.0 = Release|Any CPU
		{36182C52-AB59-405B-9F97-637E21B616FA}.Release|x86.ActiveCfg = Release|Any CPU
		{36182C52-AB59-405B-9F97-637E21B616FA}.Release|x86.Build.0 = Release|Any CPU
		{36182C52-AB59-405B-9F97-637E21B616FA}.Release|x86.Deploy.0 = Release|Any CPU
	EndGlobalSection
	GlobalSection(SolutionProperties) = preSolution
		HideSolutionNode = FALSE
	EndGlobalSection
	GlobalSection(ExtensibilityGlobals) = postSolution
		SolutionGuid = {2BDEAEF6-0BD8-4A72-BD1F-0B23F0BD9D45}
	EndGlobalSection
EndGlobal
